<?xml version="1.0" encoding="UTF-8"?>
<!DOCTYPE plist PUBLIC "-//Apple//DTD PLIST 1.0//EN" "http://www.apple.com/DTDs/PropertyList-1.0.dtd">
<plist version="1.0">
<dict>
	<key>archiveVersion</key>
	<string>1</string>
	<key>classes</key>
	<dict/>
	<key>objectVersion</key>
	<string>46</string>
	<key>objects</key>
	<dict>
		<key>0ED47DA37AAD2C0F951DC2E7</key>
		<dict>
			<key>includeInIndex</key>
			<string>1</string>
			<key>isa</key>
			<string>PBXFileReference</string>
			<key>lastKnownFileType</key>
			<string>text.xcconfig</string>
			<key>name</key>
			<string>Pods.debug.xcconfig</string>
			<key>path</key>
			<string>Pods/Target Support Files/Pods/Pods.debug.xcconfig</string>
			<key>sourceTree</key>
			<string>&lt;group&gt;</string>
		</dict>
		<key>1A08985919B7CE45C389A45F</key>
		<dict>
			<key>children</key>
			<array>
				<string>0ED47DA37AAD2C0F951DC2E7</string>
				<string>487845A318A7552441C1CD70</string>
			</array>
			<key>isa</key>
			<string>PBXGroup</string>
			<key>name</key>
			<string>Pods</string>
			<key>sourceTree</key>
			<string>&lt;group&gt;</string>
		</dict>
		<key>487845A318A7552441C1CD70</key>
		<dict>
			<key>includeInIndex</key>
			<string>1</string>
			<key>isa</key>
			<string>PBXFileReference</string>
			<key>lastKnownFileType</key>
			<string>text.xcconfig</string>
			<key>name</key>
			<string>Pods.release.xcconfig</string>
			<key>path</key>
			<string>Pods/Target Support Files/Pods/Pods.release.xcconfig</string>
			<key>sourceTree</key>
			<string>&lt;group&gt;</string>
		</dict>
		<key>9864EEE17625159452552477</key>
		<dict>
			<key>buildActionMask</key>
			<string>2147483647</string>
			<key>files</key>
			<array/>
			<key>inputPaths</key>
			<array/>
			<key>isa</key>
			<string>PBXShellScriptBuildPhase</string>
			<key>name</key>
			<string>Embed Pods Frameworks</string>
			<key>outputPaths</key>
			<array/>
			<key>runOnlyForDeploymentPostprocessing</key>
			<string>0</string>
			<key>shellPath</key>
			<string>/bin/sh</string>
			<key>shellScript</key>
			<string>"${SRCROOT}/Pods/Target Support Files/Pods/Pods-frameworks.sh"
</string>
			<key>showEnvVarsInLog</key>
			<string>0</string>
		</dict>
		<key>B9ED43A5DE5E41FB70448D5E</key>
		<dict>
			<key>children</key>
			<array>
				<string>CF9C647B1C44E62600035710</string>
				<string>CF374A001C44DFBE0068E272</string>
				<string>CFF809161C44D982009CEA39</string>
				<string>CFF809141C44D978009CEA39</string>
				<string>CFD90AD51BB41EAC00581B4F</string>
				<string>CF2F1C3B1B6B9AED004FE9D2</string>
				<string>CF2F1C391B6B9AD2004FE9D2</string>
				<string>CF2F1C371B6B9AC5004FE9D2</string>
				<string>CF2F1C351B6B9AAE004FE9D2</string>
			</array>
			<key>isa</key>
			<string>PBXGroup</string>
			<key>name</key>
			<string>Frameworks</string>
			<key>sourceTree</key>
			<string>&lt;group&gt;</string>
		</dict>
		<key>CF2F1C351B6B9AAE004FE9D2</key>
		<dict>
			<key>isa</key>
			<string>PBXFileReference</string>
			<key>lastKnownFileType</key>
			<string>compiled.mach-o.dylib</string>
			<key>name</key>
			<string>libz.1.2.5.dylib</string>
			<key>path</key>
			<string>usr/lib/libz.1.2.5.dylib</string>
			<key>sourceTree</key>
			<string>SDKROOT</string>
		</dict>
		<key>CF2F1C361B6B9AAE004FE9D2</key>
		<dict>
			<key>fileRef</key>
			<string>CF2F1C351B6B9AAE004FE9D2</string>
			<key>isa</key>
			<string>PBXBuildFile</string>
		</dict>
		<key>CF2F1C371B6B9AC5004FE9D2</key>
		<dict>
			<key>isa</key>
			<string>PBXFileReference</string>
			<key>lastKnownFileType</key>
			<string>compiled.mach-o.dylib</string>
			<key>name</key>
			<string>libsqlite3.0.dylib</string>
			<key>path</key>
			<string>usr/lib/libsqlite3.0.dylib</string>
			<key>sourceTree</key>
			<string>SDKROOT</string>
		</dict>
		<key>CF2F1C381B6B9AC5004FE9D2</key>
		<dict>
			<key>fileRef</key>
			<string>CF2F1C371B6B9AC5004FE9D2</string>
			<key>isa</key>
			<string>PBXBuildFile</string>
		</dict>
		<key>CF2F1C391B6B9AD2004FE9D2</key>
		<dict>
			<key>isa</key>
			<string>PBXFileReference</string>
			<key>lastKnownFileType</key>
			<string>wrapper.framework</string>
			<key>name</key>
			<string>SystemConfiguration.framework</string>
			<key>path</key>
			<string>System/Library/Frameworks/SystemConfiguration.framework</string>
			<key>sourceTree</key>
			<string>SDKROOT</string>
		</dict>
		<key>CF2F1C3A1B6B9AD2004FE9D2</key>
		<dict>
			<key>fileRef</key>
			<string>CF2F1C391B6B9AD2004FE9D2</string>
			<key>isa</key>
			<string>PBXBuildFile</string>
		</dict>
		<key>CF2F1C3B1B6B9AED004FE9D2</key>
		<dict>
			<key>isa</key>
			<string>PBXFileReference</string>
			<key>lastKnownFileType</key>
			<string>wrapper.framework</string>
			<key>name</key>
			<string>CoreGraphics.framework</string>
			<key>path</key>
			<string>System/Library/Frameworks/CoreGraphics.framework</string>
			<key>sourceTree</key>
			<string>SDKROOT</string>
		</dict>
		<key>CF2F1C3C1B6B9AED004FE9D2</key>
		<dict>
			<key>fileRef</key>
			<string>CF2F1C3B1B6B9AED004FE9D2</string>
			<key>isa</key>
			<string>PBXBuildFile</string>
		</dict>
		<key>CF374A001C44DFBE0068E272</key>
		<dict>
			<key>isa</key>
			<string>PBXFileReference</string>
			<key>lastKnownFileType</key>
			<string>wrapper.framework</string>
			<key>name</key>
			<string>CoreTelephony.framework</string>
			<key>path</key>
			<string>System/Library/Frameworks/CoreTelephony.framework</string>
			<key>sourceTree</key>
			<string>SDKROOT</string>
		</dict>
		<key>CF374A011C44DFBE0068E272</key>
		<dict>
			<key>fileRef</key>
			<string>CF374A001C44DFBE0068E272</string>
			<key>isa</key>
			<string>PBXBuildFile</string>
		</dict>
		<key>CF644EBE1C8465E8003EBFE9</key>
		<dict>
			<key>fileEncoding</key>
			<string>4</string>
			<key>isa</key>
			<string>PBXFileReference</string>
			<key>lastKnownFileType</key>
			<string>sourcecode.c.h</string>
			<key>path</key>
			<string>SPayClientWapPayDetailModel.h</string>
			<key>sourceTree</key>
			<string>&lt;group&gt;</string>
		</dict>
		<key>CF644EC01C846764003EBFE9</key>
		<dict>
			<key>fileEncoding</key>
			<string>4</string>
			<key>isa</key>
			<string>PBXFileReference</string>
			<key>lastKnownFileType</key>
			<string>sourcecode.c.h</string>
			<key>path</key>
			<string>SPayClientQQConfigModel.h</string>
			<key>sourceTree</key>
			<string>&lt;group&gt;</string>
		</dict>
		<key>CF7114AE1B282AA300B997E0</key>
		<dict>
			<key>children</key>
			<array>
				<string>CFDF1C111B6F5D7E0007D124</string>
				<string>CF7114B91B282AA300B997E0</string>
				<string>CF7114D61B282AA300B997E0</string>
				<string>CF7114B81B282AA300B997E0</string>
				<string>1A08985919B7CE45C389A45F</string>
				<string>B9ED43A5DE5E41FB70448D5E</string>
			</array>
			<key>isa</key>
			<string>PBXGroup</string>
			<key>sourceTree</key>
			<string>&lt;group&gt;</string>
		</dict>
		<key>CF7114AF1B282AA300B997E0</key>
		<dict>
			<key>attributes</key>
			<dict>
				<key>LastSwiftUpdateCheck</key>
				<string>0720</string>
				<key>LastUpgradeCheck</key>
				<string>0630</string>
				<key>ORGANIZATIONNAME</key>
				<string>wongfish</string>
				<key>TargetAttributes</key>
				<dict>
					<key>CF7114B61B282AA300B997E0</key>
					<dict>
						<key>CreatedOnToolsVersion</key>
						<string>6.3.1</string>
						<key>DevelopmentTeam</key>
						<string>5NZRFH2HRF</string>
					</dict>
					<key>CF7114D21B282AA300B997E0</key>
					<dict>
						<key>CreatedOnToolsVersion</key>
						<string>6.3.1</string>
						<key>DevelopmentTeam</key>
						<string>AV8T9NZDKZ</string>
						<key>TestTargetID</key>
						<string>CF7114B61B282AA300B997E0</string>
					</dict>
				</dict>
			</dict>
			<key>buildConfigurationList</key>
			<string>CF7114B21B282AA300B997E0</string>
			<key>compatibilityVersion</key>
			<string>Xcode 3.2</string>
			<key>developmentRegion</key>
			<string>English</string>
			<key>hasScannedForEncodings</key>
			<string>0</string>
			<key>isa</key>
			<string>PBXProject</string>
			<key>knownRegions</key>
			<array>
				<string>en</string>
				<string>Base</string>
			</array>
			<key>mainGroup</key>
			<string>CF7114AE1B282AA300B997E0</string>
			<key>productRefGroup</key>
			<string>CF7114B81B282AA300B997E0</string>
			<key>projectDirPath</key>
			<string></string>
			<key>projectReferences</key>
			<array/>
			<key>projectRoot</key>
			<string></string>
			<key>targets</key>
			<array>
				<string>CF7114B61B282AA300B997E0</string>
				<string>CF7114D21B282AA300B997E0</string>
			</array>
		</dict>
		<key>CF7114B21B282AA300B997E0</key>
		<dict>
			<key>buildConfigurations</key>
			<array>
				<string>CF7114DB1B282AA300B997E0</string>
				<string>CF7114DC1B282AA300B997E0</string>
			</array>
			<key>defaultConfigurationIsVisible</key>
			<string>0</string>
			<key>defaultConfigurationName</key>
			<string>Release</string>
			<key>isa</key>
			<string>XCConfigurationList</string>
		</dict>
		<key>CF7114B31B282AA300B997E0</key>
		<dict>
			<key>buildActionMask</key>
			<string>2147483647</string>
			<key>files</key>
			<array>
				<string>CFB8F7691B2D9AAB00DBEBF1</string>
				<string>CFB8F7541B2D333F00DBEBF1</string>
				<string>CF81086E1C97FE170031D44F</string>
				<string>CF7114C01B282AA300B997E0</string>
				<string>CFB8F7571B2D344800DBEBF1</string>
				<string>CFDCE6751B29774000C7266D</string>
				<string>CF7114BD1B282AA300B997E0</string>
			</array>
			<key>isa</key>
			<string>PBXSourcesBuildPhase</string>
			<key>runOnlyForDeploymentPostprocessing</key>
			<string>0</string>
		</dict>
		<key>CF7114B41B282AA300B997E0</key>
		<dict>
			<key>buildActionMask</key>
			<string>2147483647</string>
			<key>files</key>
			<array>
				<string>CF9C647C1C44E62600035710</string>
				<string>CF374A011C44DFBE0068E272</string>
				<string>CFF809171C44D982009CEA39</string>
				<string>CFF809151C44D978009CEA39</string>
				<string>CFD90AD61BB41EAC00581B4F</string>
				<string>CF2F1C3C1B6B9AED004FE9D2</string>
				<string>CF2F1C3A1B6B9AD2004FE9D2</string>
				<string>CF2F1C381B6B9AC5004FE9D2</string>
				<string>CF2F1C361B6B9AAE004FE9D2</string>
				<string>CFDF1C231B6F5D7E0007D124</string>
			</array>
			<key>isa</key>
			<string>PBXFrameworksBuildPhase</string>
			<key>runOnlyForDeploymentPostprocessing</key>
			<string>0</string>
		</dict>
		<key>CF7114B51B282AA300B997E0</key>
		<dict>
			<key>buildActionMask</key>
			<string>2147483647</string>
			<key>files</key>
			<array>
				<string>CFDF1C241B6F5D7E0007D124</string>
				<string>CFDCE6721B29770700C7266D</string>
				<string>CF7114CE1B282AA300B997E0</string>
				<string>CF7114CB1B282AA300B997E0</string>
			</array>
			<key>isa</key>
			<string>PBXResourcesBuildPhase</string>
			<key>runOnlyForDeploymentPostprocessing</key>
			<string>0</string>
		</dict>
		<key>CF7114B61B282AA300B997E0</key>
		<dict>
			<key>buildConfigurationList</key>
			<string>CF7114DD1B282AA300B997E0</string>
			<key>buildPhases</key>
			<array>
				<string>F4F6EBA82E4DDF01C85EFC87</string>
				<string>CF7114B31B282AA300B997E0</string>
				<string>CF7114B41B282AA300B997E0</string>
				<string>CF7114B51B282AA300B997E0</string>
				<string>D2B8BBACE6CBCFCBDBC3A84A</string>
				<string>9864EEE17625159452552477</string>
			</array>
			<key>buildRules</key>
			<array/>
			<key>dependencies</key>
			<array/>
			<key>isa</key>
			<string>PBXNativeTarget</string>
			<key>name</key>
			<string>SPaySDKDemo</string>
			<key>productName</key>
			<string>SPaySDKDemo</string>
			<key>productReference</key>
			<string>CF7114B71B282AA300B997E0</string>
			<key>productType</key>
			<string>com.apple.product-type.application</string>
		</dict>
		<key>CF7114B71B282AA300B997E0</key>
		<dict>
			<key>explicitFileType</key>
			<string>wrapper.application</string>
			<key>includeInIndex</key>
			<string>0</string>
			<key>isa</key>
			<string>PBXFileReference</string>
			<key>path</key>
			<string>SPaySDKDemo.app</string>
			<key>sourceTree</key>
			<string>BUILT_PRODUCTS_DIR</string>
		</dict>
		<key>CF7114B81B282AA300B997E0</key>
		<dict>
			<key>children</key>
			<array>
				<string>CF7114B71B282AA300B997E0</string>
				<string>CF7114D31B282AA300B997E0</string>
			</array>
			<key>isa</key>
			<string>PBXGroup</string>
			<key>name</key>
			<string>Products</string>
			<key>sourceTree</key>
			<string>&lt;group&gt;</string>
		</dict>
		<key>CF7114B91B282AA300B997E0</key>
		<dict>
			<key>children</key>
			<array>
				<string>CF7114BE1B282AA300B997E0</string>
				<string>CF7114BF1B282AA300B997E0</string>
				<string>CFB8F74F1B2D325C00DBEBF1</string>
				<string>CFB8F7511B2D32C500DBEBF1</string>
				<string>CFB8F7501B2D32BF00DBEBF1</string>
				<string>CFDCE6711B29770700C7266D</string>
				<string>CFDCE6731B29774000C7266D</string>
				<string>CFDCE6741B29774000C7266D</string>
				<string>CF81086D1C97FE170031D44F</string>
				<string>CF7114CA1B282AA300B997E0</string>
				<string>CF7114CC1B282AA300B997E0</string>
				<string>CF7114BA1B282AA300B997E0</string>
				<string>CF81086A1C97ECFB0031D44F</string>
			</array>
			<key>isa</key>
			<string>PBXGroup</string>
			<key>path</key>
			<string>SPaySDKDemo</string>
			<key>sourceTree</key>
			<string>&lt;group&gt;</string>
		</dict>
		<key>CF7114BA1B282AA300B997E0</key>
		<dict>
			<key>children</key>
			<array>
				<string>CF7114BB1B282AA300B997E0</string>
				<string>CF7114BC1B282AA300B997E0</string>
			</array>
			<key>isa</key>
			<string>PBXGroup</string>
			<key>name</key>
			<string>Supporting Files</string>
			<key>sourceTree</key>
			<string>&lt;group&gt;</string>
		</dict>
		<key>CF7114BB1B282AA300B997E0</key>
		<dict>
			<key>isa</key>
			<string>PBXFileReference</string>
			<key>lastKnownFileType</key>
			<string>text.plist.xml</string>
			<key>path</key>
			<string>Info.plist</string>
			<key>sourceTree</key>
			<string>&lt;group&gt;</string>
		</dict>
		<key>CF7114BC1B282AA300B997E0</key>
		<dict>
			<key>isa</key>
			<string>PBXFileReference</string>
			<key>lastKnownFileType</key>
			<string>sourcecode.c.objc</string>
			<key>path</key>
			<string>main.m</string>
			<key>sourceTree</key>
			<string>&lt;group&gt;</string>
		</dict>
		<key>CF7114BD1B282AA300B997E0</key>
		<dict>
			<key>fileRef</key>
			<string>CF7114BC1B282AA300B997E0</string>
			<key>isa</key>
			<string>PBXBuildFile</string>
		</dict>
		<key>CF7114BE1B282AA300B997E0</key>
		<dict>
			<key>isa</key>
			<string>PBXFileReference</string>
			<key>lastKnownFileType</key>
			<string>sourcecode.c.h</string>
			<key>path</key>
			<string>AppDelegate.h</string>
			<key>sourceTree</key>
			<string>&lt;group&gt;</string>
		</dict>
		<key>CF7114BF1B282AA300B997E0</key>
		<dict>
			<key>isa</key>
			<string>PBXFileReference</string>
			<key>lastKnownFileType</key>
			<string>sourcecode.c.objc</string>
			<key>path</key>
			<string>AppDelegate.m</string>
			<key>sourceTree</key>
			<string>&lt;group&gt;</string>
		</dict>
		<key>CF7114C01B282AA300B997E0</key>
		<dict>
			<key>fileRef</key>
			<string>CF7114BF1B282AA300B997E0</string>
			<key>isa</key>
			<string>PBXBuildFile</string>
		</dict>
		<key>CF7114CA1B282AA300B997E0</key>
		<dict>
			<key>isa</key>
			<string>PBXFileReference</string>
			<key>lastKnownFileType</key>
			<string>folder.assetcatalog</string>
			<key>path</key>
			<string>Images.xcassets</string>
			<key>sourceTree</key>
			<string>&lt;group&gt;</string>
		</dict>
		<key>CF7114CB1B282AA300B997E0</key>
		<dict>
			<key>fileRef</key>
			<string>CF7114CA1B282AA300B997E0</string>
			<key>isa</key>
			<string>PBXBuildFile</string>
		</dict>
		<key>CF7114CC1B282AA300B997E0</key>
		<dict>
			<key>children</key>
			<array>
				<string>CF7114CD1B282AA300B997E0</string>
			</array>
			<key>isa</key>
			<string>PBXVariantGroup</string>
			<key>name</key>
			<string>LaunchScreen.xib</string>
			<key>sourceTree</key>
			<string>&lt;group&gt;</string>
		</dict>
		<key>CF7114CD1B282AA300B997E0</key>
		<dict>
			<key>isa</key>
			<string>PBXFileReference</string>
			<key>lastKnownFileType</key>
			<string>file.xib</string>
			<key>name</key>
			<string>Base</string>
			<key>path</key>
			<string>Base.lproj/LaunchScreen.xib</string>
			<key>sourceTree</key>
			<string>&lt;group&gt;</string>
		</dict>
		<key>CF7114CE1B282AA300B997E0</key>
		<dict>
			<key>fileRef</key>
			<string>CF7114CC1B282AA300B997E0</string>
			<key>isa</key>
			<string>PBXBuildFile</string>
		</dict>
		<key>CF7114CF1B282AA300B997E0</key>
		<dict>
			<key>buildActionMask</key>
			<string>2147483647</string>
			<key>files</key>
			<array>
				<string>CF7114DA1B282AA300B997E0</string>
			</array>
			<key>isa</key>
			<string>PBXSourcesBuildPhase</string>
			<key>runOnlyForDeploymentPostprocessing</key>
			<string>0</string>
		</dict>
		<key>CF7114D01B282AA300B997E0</key>
		<dict>
			<key>buildActionMask</key>
			<string>2147483647</string>
			<key>files</key>
			<array/>
			<key>isa</key>
			<string>PBXFrameworksBuildPhase</string>
			<key>runOnlyForDeploymentPostprocessing</key>
			<string>0</string>
		</dict>
		<key>CF7114D11B282AA300B997E0</key>
		<dict>
			<key>buildActionMask</key>
			<string>2147483647</string>
			<key>files</key>
			<array/>
			<key>isa</key>
			<string>PBXResourcesBuildPhase</string>
			<key>runOnlyForDeploymentPostprocessing</key>
			<string>0</string>
		</dict>
		<key>CF7114D21B282AA300B997E0</key>
		<dict>
			<key>buildConfigurationList</key>
			<string>CF7114E01B282AA300B997E0</string>
			<key>buildPhases</key>
			<array>
				<string>CF7114CF1B282AA300B997E0</string>
				<string>CF7114D01B282AA300B997E0</string>
				<string>CF7114D11B282AA300B997E0</string>
			</array>
			<key>buildRules</key>
			<array/>
			<key>dependencies</key>
			<array>
				<string>CF7114D51B282AA300B997E0</string>
			</array>
			<key>isa</key>
			<string>PBXNativeTarget</string>
			<key>name</key>
			<string>SPaySDKDemoTests</string>
			<key>productName</key>
			<string>SPaySDKDemoTests</string>
			<key>productReference</key>
			<string>CF7114D31B282AA300B997E0</string>
			<key>productType</key>
			<string>com.apple.product-type.bundle.unit-test</string>
		</dict>
		<key>CF7114D31B282AA300B997E0</key>
		<dict>
			<key>explicitFileType</key>
			<string>wrapper.cfbundle</string>
			<key>includeInIndex</key>
			<string>0</string>
			<key>isa</key>
			<string>PBXFileReference</string>
			<key>path</key>
			<string>SPaySDKDemoTests.xctest</string>
			<key>sourceTree</key>
			<string>BUILT_PRODUCTS_DIR</string>
		</dict>
		<key>CF7114D41B282AA300B997E0</key>
		<dict>
			<key>containerPortal</key>
			<string>CF7114AF1B282AA300B997E0</string>
			<key>isa</key>
			<string>PBXContainerItemProxy</string>
			<key>proxyType</key>
			<string>1</string>
			<key>remoteGlobalIDString</key>
			<string>CF7114B61B282AA300B997E0</string>
			<key>remoteInfo</key>
			<string>SPaySDKDemo</string>
		</dict>
		<key>CF7114D51B282AA300B997E0</key>
		<dict>
			<key>isa</key>
			<string>PBXTargetDependency</string>
			<key>target</key>
			<string>CF7114B61B282AA300B997E0</string>
			<key>targetProxy</key>
			<string>CF7114D41B282AA300B997E0</string>
		</dict>
		<key>CF7114D61B282AA300B997E0</key>
		<dict>
			<key>children</key>
			<array>
				<string>CF7114D91B282AA300B997E0</string>
				<string>CF7114D71B282AA300B997E0</string>
			</array>
			<key>isa</key>
			<string>PBXGroup</string>
			<key>path</key>
			<string>SPaySDKDemoTests</string>
			<key>sourceTree</key>
			<string>&lt;group&gt;</string>
		</dict>
		<key>CF7114D71B282AA300B997E0</key>
		<dict>
			<key>children</key>
			<array>
				<string>CF7114D81B282AA300B997E0</string>
			</array>
			<key>isa</key>
			<string>PBXGroup</string>
			<key>name</key>
			<string>Supporting Files</string>
			<key>sourceTree</key>
			<string>&lt;group&gt;</string>
		</dict>
		<key>CF7114D81B282AA300B997E0</key>
		<dict>
			<key>isa</key>
			<string>PBXFileReference</string>
			<key>lastKnownFileType</key>
			<string>text.plist.xml</string>
			<key>path</key>
			<string>Info.plist</string>
			<key>sourceTree</key>
			<string>&lt;group&gt;</string>
		</dict>
		<key>CF7114D91B282AA300B997E0</key>
		<dict>
			<key>isa</key>
			<string>PBXFileReference</string>
			<key>lastKnownFileType</key>
			<string>sourcecode.c.objc</string>
			<key>path</key>
			<string>SPaySDKDemoTests.m</string>
			<key>sourceTree</key>
			<string>&lt;group&gt;</string>
		</dict>
		<key>CF7114DA1B282AA300B997E0</key>
		<dict>
			<key>fileRef</key>
			<string>CF7114D91B282AA300B997E0</string>
			<key>isa</key>
			<string>PBXBuildFile</string>
		</dict>
		<key>CF7114DB1B282AA300B997E0</key>
		<dict>
			<key>buildSettings</key>
			<dict>
				<key>ALWAYS_SEARCH_USER_PATHS</key>
				<string>NO</string>
				<key>CLANG_CXX_LANGUAGE_STANDARD</key>
				<string>gnu++0x</string>
				<key>CLANG_CXX_LIBRARY</key>
				<string>libc++</string>
				<key>CLANG_ENABLE_MODULES</key>
				<string>YES</string>
				<key>CLANG_ENABLE_OBJC_ARC</key>
				<string>YES</string>
				<key>CLANG_WARN_BOOL_CONVERSION</key>
				<string>YES</string>
				<key>CLANG_WARN_CONSTANT_CONVERSION</key>
				<string>YES</string>
				<key>CLANG_WARN_DIRECT_OBJC_ISA_USAGE</key>
				<string>YES_ERROR</string>
				<key>CLANG_WARN_EMPTY_BODY</key>
				<string>YES</string>
				<key>CLANG_WARN_ENUM_CONVERSION</key>
				<string>YES</string>
				<key>CLANG_WARN_INT_CONVERSION</key>
				<string>YES</string>
				<key>CLANG_WARN_OBJC_ROOT_CLASS</key>
				<string>YES_ERROR</string>
				<key>CLANG_WARN_UNREACHABLE_CODE</key>
				<string>YES</string>
				<key>CLANG_WARN__DUPLICATE_METHOD_MATCH</key>
				<string>YES</string>
				<key>CODE_SIGN_IDENTITY</key>
				<string></string>
				<key>CODE_SIGN_IDENTITY[sdk=iphoneos*]</key>
				<string></string>
				<key>COPY_PHASE_STRIP</key>
				<string>NO</string>
				<key>DEBUG_INFORMATION_FORMAT</key>
				<string>dwarf-with-dsym</string>
				<key>ENABLE_STRICT_OBJC_MSGSEND</key>
				<string>YES</string>
				<key>FRAMEWORK_SEARCH_PATHS</key>
				<string>$(PROJECT_DIR)/SPaySDK/**</string>
				<key>GCC_C_LANGUAGE_STANDARD</key>
				<string>gnu99</string>
				<key>GCC_DYNAMIC_NO_PIC</key>
				<string>NO</string>
				<key>GCC_NO_COMMON_BLOCKS</key>
				<string>YES</string>
				<key>GCC_OPTIMIZATION_LEVEL</key>
				<string>0</string>
				<key>GCC_PREPROCESSOR_DEFINITIONS</key>
				<array>
					<string>DEBUG=1</string>
					<string>$(inherited)</string>
				</array>
				<key>GCC_SYMBOLS_PRIVATE_EXTERN</key>
				<string>NO</string>
				<key>GCC_WARN_64_TO_32_BIT_CONVERSION</key>
				<string>YES</string>
				<key>GCC_WARN_ABOUT_RETURN_TYPE</key>
				<string>YES_ERROR</string>
				<key>GCC_WARN_UNDECLARED_SELECTOR</key>
				<string>YES</string>
				<key>GCC_WARN_UNINITIALIZED_AUTOS</key>
				<string>YES_AGGRESSIVE</string>
				<key>GCC_WARN_UNUSED_FUNCTION</key>
				<string>YES</string>
				<key>GCC_WARN_UNUSED_VARIABLE</key>
				<string>YES</string>
				<key>IPHONEOS_DEPLOYMENT_TARGET</key>
				<string>7.0</string>
				<key>LIBRARY_SEARCH_PATHS</key>
				<string></string>
				<key>MTL_ENABLE_DEBUG_INFO</key>
				<string>YES</string>
				<key>ONLY_ACTIVE_ARCH</key>
				<string>YES</string>
				<key>PROVISIONING_PROFILE</key>
				<string></string>
				<key>SDKROOT</key>
				<string>iphoneos</string>
				<key>TARGETED_DEVICE_FAMILY</key>
				<string>1,2</string>
				<key>USER_HEADER_SEARCH_PATHS</key>
				<string>$(PROJECT_DIR)/SPaySDK/**</string>
			</dict>
			<key>isa</key>
			<string>XCBuildConfiguration</string>
			<key>name</key>
			<string>Debug</string>
		</dict>
		<key>CF7114DC1B282AA300B997E0</key>
		<dict>
			<key>buildSettings</key>
			<dict>
				<key>ALWAYS_SEARCH_USER_PATHS</key>
				<string>NO</string>
				<key>CLANG_CXX_LANGUAGE_STANDARD</key>
				<string>gnu++0x</string>
				<key>CLANG_CXX_LIBRARY</key>
				<string>libc++</string>
				<key>CLANG_ENABLE_MODULES</key>
				<string>YES</string>
				<key>CLANG_ENABLE_OBJC_ARC</key>
				<string>YES</string>
				<key>CLANG_WARN_BOOL_CONVERSION</key>
				<string>YES</string>
				<key>CLANG_WARN_CONSTANT_CONVERSION</key>
				<string>YES</string>
				<key>CLANG_WARN_DIRECT_OBJC_ISA_USAGE</key>
				<string>YES_ERROR</string>
				<key>CLANG_WARN_EMPTY_BODY</key>
				<string>YES</string>
				<key>CLANG_WARN_ENUM_CONVERSION</key>
				<string>YES</string>
				<key>CLANG_WARN_INT_CONVERSION</key>
				<string>YES</string>
				<key>CLANG_WARN_OBJC_ROOT_CLASS</key>
				<string>YES_ERROR</string>
				<key>CLANG_WARN_UNREACHABLE_CODE</key>
				<string>YES</string>
				<key>CLANG_WARN__DUPLICATE_METHOD_MATCH</key>
				<string>YES</string>
				<key>CODE_SIGN_IDENTITY</key>
				<string></string>
				<key>CODE_SIGN_IDENTITY[sdk=iphoneos*]</key>
				<string></string>
				<key>COPY_PHASE_STRIP</key>
				<string>NO</string>
				<key>DEBUG_INFORMATION_FORMAT</key>
				<string>dwarf-with-dsym</string>
				<key>ENABLE_NS_ASSERTIONS</key>
				<string>NO</string>
				<key>ENABLE_STRICT_OBJC_MSGSEND</key>
				<string>YES</string>
				<key>FRAMEWORK_SEARCH_PATHS</key>
				<string>$(PROJECT_DIR)/SPaySDK/**</string>
				<key>GCC_C_LANGUAGE_STANDARD</key>
				<string>gnu99</string>
				<key>GCC_NO_COMMON_BLOCKS</key>
				<string>YES</string>
				<key>GCC_WARN_64_TO_32_BIT_CONVERSION</key>
				<string>YES</string>
				<key>GCC_WARN_ABOUT_RETURN_TYPE</key>
				<string>YES_ERROR</string>
				<key>GCC_WARN_UNDECLARED_SELECTOR</key>
				<string>YES</string>
				<key>GCC_WARN_UNINITIALIZED_AUTOS</key>
				<string>YES_AGGRESSIVE</string>
				<key>GCC_WARN_UNUSED_FUNCTION</key>
				<string>YES</string>
				<key>GCC_WARN_UNUSED_VARIABLE</key>
				<string>YES</string>
				<key>IPHONEOS_DEPLOYMENT_TARGET</key>
				<string>7.0</string>
				<key>LIBRARY_SEARCH_PATHS</key>
				<string></string>
				<key>MTL_ENABLE_DEBUG_INFO</key>
				<string>NO</string>
				<key>PROVISIONING_PROFILE</key>
				<string></string>
				<key>SDKROOT</key>
				<string>iphoneos</string>
				<key>TARGETED_DEVICE_FAMILY</key>
				<string>1,2</string>
				<key>USER_HEADER_SEARCH_PATHS</key>
				<string>$(PROJECT_DIR)/SPaySDK/**</string>
				<key>VALIDATE_PRODUCT</key>
				<string>YES</string>
			</dict>
			<key>isa</key>
			<string>XCBuildConfiguration</string>
			<key>name</key>
			<string>Release</string>
		</dict>
		<key>CF7114DD1B282AA300B997E0</key>
		<dict>
			<key>buildConfigurations</key>
			<array>
				<string>CF7114DE1B282AA300B997E0</string>
				<string>CF7114DF1B282AA300B997E0</string>
			</array>
			<key>defaultConfigurationIsVisible</key>
			<string>0</string>
			<key>defaultConfigurationName</key>
			<string>Release</string>
			<key>isa</key>
			<string>XCConfigurationList</string>
		</dict>
		<key>CF7114DE1B282AA300B997E0</key>
		<dict>
			<key>baseConfigurationReference</key>
			<string>0ED47DA37AAD2C0F951DC2E7</string>
			<key>buildSettings</key>
			<dict>
				<key>ASSETCATALOG_COMPILER_APPICON_NAME</key>
				<string>AppIcon</string>
				<key>ASSETCATALOG_COMPILER_LAUNCHIMAGE_NAME</key>
				<string>LaunchImage</string>
				<key>CLANG_ENABLE_MODULES</key>
				<string>YES</string>
				<key>CODE_SIGN_IDENTITY</key>
				<string>iPhone Developer</string>
				<key>CODE_SIGN_IDENTITY[sdk=iphoneos*]</key>
				<string>iPhone Developer</string>
				<key>ENABLE_BITCODE</key>
				<string>YES</string>
				<key>FRAMEWORK_SEARCH_PATHS</key>
				<array>
					<string>$(PROJECT_DIR)</string>
					<string>$(PROJECT_DIR)/SPaySDK/**</string>
				</array>
				<key>INFOPLIST_FILE</key>
				<string>SPaySDKDemo/Info.plist</string>
				<key>IPHONEOS_DEPLOYMENT_TARGET</key>
				<string>7.0</string>
				<key>LD_RUNPATH_SEARCH_PATHS</key>
				<string>$(inherited) @executable_path/Frameworks</string>
				<key>LIBRARY_SEARCH_PATHS</key>
				<array>
					<string>$(inherited)</string>
					<string>$(PROJECT_DIR)/SPaySDK</string>
				</array>
				<key>PRODUCT_NAME</key>
				<string>$(TARGET_NAME)</string>
				<key>PROVISIONING_PROFILE</key>
				<string></string>
				<key>SWIFT_OBJC_BRIDGING_HEADER</key>
				<string>SPaySDKDemo/SPaySDKDemo-Bridging-Header.h</string>
				<key>SWIFT_OPTIMIZATION_LEVEL</key>
				<string>-Onone</string>
				<key>USER_HEADER_SEARCH_PATHS</key>
				<string>$(PROJECT_DIR)/SPaySDK/**</string>
			</dict>
			<key>isa</key>
			<string>XCBuildConfiguration</string>
			<key>name</key>
			<string>Debug</string>
		</dict>
		<key>CF7114DF1B282AA300B997E0</key>
		<dict>
			<key>baseConfigurationReference</key>
			<string>487845A318A7552441C1CD70</string>
			<key>buildSettings</key>
			<dict>
				<key>ASSETCATALOG_COMPILER_APPICON_NAME</key>
				<string>AppIcon</string>
				<key>ASSETCATALOG_COMPILER_LAUNCHIMAGE_NAME</key>
				<string>LaunchImage</string>
				<key>CLANG_ENABLE_MODULES</key>
				<string>YES</string>
				<key>CODE_SIGN_IDENTITY</key>
				<string>iPhone Developer</string>
				<key>CODE_SIGN_IDENTITY[sdk=iphoneos*]</key>
				<string>iPhone Developer</string>
				<key>ENABLE_BITCODE</key>
				<string>YES</string>
				<key>FRAMEWORK_SEARCH_PATHS</key>
				<array>
					<string>$(PROJECT_DIR)</string>
					<string>$(PROJECT_DIR)/SPaySDK/**</string>
				</array>
				<key>INFOPLIST_FILE</key>
				<string>SPaySDKDemo/Info.plist</string>
				<key>IPHONEOS_DEPLOYMENT_TARGET</key>
				<string>7.0</string>
				<key>LD_RUNPATH_SEARCH_PATHS</key>
				<string>$(inherited) @executable_path/Frameworks</string>
				<key>LIBRARY_SEARCH_PATHS</key>
				<array>
					<string>$(inherited)</string>
					<string>$(PROJECT_DIR)/SPaySDK</string>
				</array>
				<key>PRODUCT_NAME</key>
				<string>$(TARGET_NAME)</string>
				<key>PROVISIONING_PROFILE</key>
				<string></string>
				<key>SWIFT_OBJC_BRIDGING_HEADER</key>
				<string>SPaySDKDemo/SPaySDKDemo-Bridging-Header.h</string>
				<key>USER_HEADER_SEARCH_PATHS</key>
				<string>$(PROJECT_DIR)/SPaySDK/**</string>
			</dict>
			<key>isa</key>
			<string>XCBuildConfiguration</string>
			<key>name</key>
			<string>Release</string>
		</dict>
		<key>CF7114E01B282AA300B997E0</key>
		<dict>
			<key>buildConfigurations</key>
			<array>
				<string>CF7114E11B282AA300B997E0</string>
				<string>CF7114E21B282AA300B997E0</string>
			</array>
			<key>defaultConfigurationIsVisible</key>
			<string>0</string>
			<key>defaultConfigurationName</key>
			<string>Release</string>
			<key>isa</key>
			<string>XCConfigurationList</string>
		</dict>
		<key>CF7114E11B282AA300B997E0</key>
		<dict>
			<key>buildSettings</key>
			<dict>
				<key>BUNDLE_LOADER</key>
				<string>$(TEST_HOST)</string>
				<key>CODE_SIGN_IDENTITY</key>
				<string>iPhone Developer</string>
				<key>CODE_SIGN_IDENTITY[sdk=iphoneos*]</key>
				<string>iPhone Developer</string>
				<key>FRAMEWORK_SEARCH_PATHS</key>
				<array>
					<string>$(SDKROOT)/Developer/Library/Frameworks</string>
					<string>$(inherited)</string>
				</array>
				<key>GCC_PREPROCESSOR_DEFINITIONS</key>
				<array>
					<string>DEBUG=1</string>
					<string>$(inherited)</string>
				</array>
				<key>INFOPLIST_FILE</key>
				<string>SPaySDKDemoTests/Info.plist</string>
				<key>LD_RUNPATH_SEARCH_PATHS</key>
				<string>$(inherited) @executable_path/Frameworks @loader_path/Frameworks</string>
				<key>PRODUCT_NAME</key>
				<string>$(TARGET_NAME)</string>
				<key>PROVISIONING_PROFILE</key>
				<string></string>
				<key>TEST_HOST</key>
				<string>$(BUILT_PRODUCTS_DIR)/SPaySDKDemo.app/SPaySDKDemo</string>
			</dict>
			<key>isa</key>
			<string>XCBuildConfiguration</string>
			<key>name</key>
			<string>Debug</string>
		</dict>
		<key>CF7114E21B282AA300B997E0</key>
		<dict>
			<key>buildSettings</key>
			<dict>
				<key>BUNDLE_LOADER</key>
				<string>$(TEST_HOST)</string>
				<key>CODE_SIGN_IDENTITY</key>
				<string>iPhone Developer</string>
				<key>CODE_SIGN_IDENTITY[sdk=iphoneos*]</key>
				<string>iPhone Developer</string>
				<key>FRAMEWORK_SEARCH_PATHS</key>
				<array>
					<string>$(SDKROOT)/Developer/Library/Frameworks</string>
					<string>$(inherited)</string>
				</array>
				<key>INFOPLIST_FILE</key>
				<string>SPaySDKDemoTests/Info.plist</string>
				<key>LD_RUNPATH_SEARCH_PATHS</key>
				<string>$(inherited) @executable_path/Frameworks @loader_path/Frameworks</string>
				<key>PRODUCT_NAME</key>
				<string>$(TARGET_NAME)</string>
				<key>PROVISIONING_PROFILE</key>
				<string></string>
				<key>TEST_HOST</key>
				<string>$(BUILT_PRODUCTS_DIR)/SPaySDKDemo.app/SPaySDKDemo</string>
			</dict>
			<key>isa</key>
			<string>XCBuildConfiguration</string>
			<key>name</key>
			<string>Release</string>
		</dict>
		<key>CF81086A1C97ECFB0031D44F</key>
		<dict>
			<key>isa</key>
			<string>PBXFileReference</string>
			<key>lastKnownFileType</key>
			<string>sourcecode.c.h</string>
			<key>path</key>
			<string>SPaySDKDemo-Bridging-Header.h</string>
			<key>sourceTree</key>
			<string>&lt;group&gt;</string>
		</dict>
		<key>CF81086D1C97FE170031D44F</key>
		<dict>
			<key>fileEncoding</key>
			<string>4</string>
			<key>isa</key>
			<string>PBXFileReference</string>
			<key>lastKnownFileType</key>
			<string>sourcecode.swift</string>
			<key>path</key>
			<string>SPaySwiftDemoMainViewController.swift</string>
			<key>sourceTree</key>
			<string>&lt;group&gt;</string>
		</dict>
		<key>CF81086E1C97FE170031D44F</key>
		<dict>
			<key>fileRef</key>
			<string>CF81086D1C97FE170031D44F</string>
			<key>isa</key>
			<string>PBXBuildFile</string>
		</dict>
		<key>CF8A37531C48D36C006AB194</key>
		<dict>
			<key>fileEncoding</key>
			<string>4</string>
			<key>isa</key>
			<string>PBXFileReference</string>
			<key>lastKnownFileType</key>
			<string>sourcecode.c.h</string>
			<key>path</key>
			<string>SPayClientPayAppPayManager.h</string>
			<key>sourceTree</key>
			<string>&lt;group&gt;</string>
		</dict>
		<key>CF8A37541C48D36C006AB194</key>
		<dict>
			<key>fileEncoding</key>
			<string>4</string>
			<key>isa</key>
			<string>PBXFileReference</string>
			<key>lastKnownFileType</key>
			<string>sourcecode.c.h</string>
			<key>path</key>
			<string>SPayClientReverseScanPayDetailModel.h</string>
			<key>sourceTree</key>
			<string>&lt;group&gt;</string>
		</dict>
		<key>CF9C647B1C44E62600035710</key>
		<dict>
			<key>isa</key>
			<string>PBXFileReference</string>
			<key>lastKnownFileType</key>
			<string>archive.ar</string>
			<key>name</key>
			<string>libPods.a</string>
			<key>path</key>
			<string>Pods/../build/Debug-iphoneos/libPods.a</string>
			<key>sourceTree</key>
			<string>&lt;group&gt;</string>
		</dict>
		<key>CF9C647C1C44E62600035710</key>
		<dict>
			<key>fileRef</key>
			<string>CF9C647B1C44E62600035710</string>
			<key>isa</key>
			<string>PBXBuildFile</string>
		</dict>
		<key>CFB8F74F1B2D325C00DBEBF1</key>
		<dict>
			<key>children</key>
			<array>
				<string>CFB8F7521B2D333F00DBEBF1</string>
				<string>CFB8F7531B2D333F00DBEBF1</string>
			</array>
			<key>isa</key>
			<string>PBXGroup</string>
			<key>path</key>
			<string>Manager</string>
			<key>sourceTree</key>
			<string>&lt;group&gt;</string>
		</dict>
		<key>CFB8F7501B2D32BF00DBEBF1</key>
		<dict>
			<key>children</key>
			<array>
				<string>CFB8F7671B2D9AAB00DBEBF1</string>
				<string>CFB8F7681B2D9AAB00DBEBF1</string>
			</array>
			<key>isa</key>
			<string>PBXGroup</string>
			<key>path</key>
			<string>Common</string>
			<key>sourceTree</key>
			<string>&lt;group&gt;</string>
		</dict>
		<key>CFB8F7511B2D32C500DBEBF1</key>
		<dict>
			<key>children</key>
			<array>
				<string>CFB8F7551B2D344800DBEBF1</string>
				<string>CFB8F7561B2D344800DBEBF1</string>
			</array>
			<key>isa</key>
			<string>PBXGroup</string>
			<key>path</key>
			<string>RequestForm</string>
			<key>sourceTree</key>
			<string>&lt;group&gt;</string>
		</dict>
		<key>CFB8F7521B2D333F00DBEBF1</key>
		<dict>
			<key>fileEncoding</key>
			<string>4</string>
			<key>isa</key>
			<string>PBXFileReference</string>
			<key>lastKnownFileType</key>
			<string>sourcecode.c.h</string>
			<key>path</key>
			<string>SPHTTPManager.h</string>
			<key>sourceTree</key>
			<string>&lt;group&gt;</string>
		</dict>
		<key>CFB8F7531B2D333F00DBEBF1</key>
		<dict>
			<key>fileEncoding</key>
			<string>4</string>
			<key>isa</key>
			<string>PBXFileReference</string>
			<key>lastKnownFileType</key>
			<string>sourcecode.c.objc</string>
			<key>path</key>
			<string>SPHTTPManager.m</string>
			<key>sourceTree</key>
			<string>&lt;group&gt;</string>
		</dict>
		<key>CFB8F7541B2D333F00DBEBF1</key>
		<dict>
			<key>fileRef</key>
			<string>CFB8F7531B2D333F00DBEBF1</string>
			<key>isa</key>
			<string>PBXBuildFile</string>
		</dict>
		<key>CFB8F7551B2D344800DBEBF1</key>
		<dict>
			<key>fileEncoding</key>
			<string>4</string>
			<key>isa</key>
			<string>PBXFileReference</string>
			<key>lastKnownFileType</key>
			<string>sourcecode.c.h</string>
			<key>path</key>
			<string>SPRequestForm.h</string>
			<key>sourceTree</key>
			<string>&lt;group&gt;</string>
		</dict>
		<key>CFB8F7561B2D344800DBEBF1</key>
		<dict>
			<key>fileEncoding</key>
			<string>4</string>
			<key>isa</key>
			<string>PBXFileReference</string>
			<key>lastKnownFileType</key>
			<string>sourcecode.c.objc</string>
			<key>path</key>
			<string>SPRequestForm.m</string>
			<key>sourceTree</key>
			<string>&lt;group&gt;</string>
		</dict>
		<key>CFB8F7571B2D344800DBEBF1</key>
		<dict>
			<key>fileRef</key>
			<string>CFB8F7561B2D344800DBEBF1</string>
			<key>isa</key>
			<string>PBXBuildFile</string>
		</dict>
		<key>CFB8F7671B2D9AAB00DBEBF1</key>
		<dict>
			<key>fileEncoding</key>
			<string>4</string>
			<key>isa</key>
			<string>PBXFileReference</string>
			<key>lastKnownFileType</key>
			<string>sourcecode.c.h</string>
			<key>path</key>
			<string>SPConst.h</string>
			<key>sourceTree</key>
			<string>&lt;group&gt;</string>
		</dict>
		<key>CFB8F7681B2D9AAB00DBEBF1</key>
		<dict>
			<key>fileEncoding</key>
			<string>4</string>
			<key>isa</key>
			<string>PBXFileReference</string>
			<key>lastKnownFileType</key>
			<string>sourcecode.c.objc</string>
			<key>path</key>
			<string>SPConst.m</string>
			<key>sourceTree</key>
			<string>&lt;group&gt;</string>
		</dict>
		<key>CFB8F7691B2D9AAB00DBEBF1</key>
		<dict>
			<key>fileRef</key>
			<string>CFB8F7681B2D9AAB00DBEBF1</string>
			<key>isa</key>
			<string>PBXBuildFile</string>
		</dict>
		<key>CFD90AD51BB41EAC00581B4F</key>
		<dict>
			<key>isa</key>
			<string>PBXFileReference</string>
			<key>lastKnownFileType</key>
			<string>wrapper.framework</string>
			<key>name</key>
			<string>AVFoundation.framework</string>
			<key>path</key>
			<string>System/Library/Frameworks/AVFoundation.framework</string>
			<key>sourceTree</key>
			<string>SDKROOT</string>
		</dict>
		<key>CFD90AD61BB41EAC00581B4F</key>
		<dict>
			<key>fileRef</key>
			<string>CFD90AD51BB41EAC00581B4F</string>
			<key>isa</key>
			<string>PBXBuildFile</string>
		</dict>
		<key>CFDCE6711B29770700C7266D</key>
		<dict>
			<key>fileEncoding</key>
			<string>4</string>
			<key>isa</key>
			<string>PBXFileReference</string>
			<key>lastKnownFileType</key>
			<string>file.storyboard</string>
			<key>path</key>
			<string>Main.storyboard</string>
			<key>sourceTree</key>
			<string>&lt;group&gt;</string>
		</dict>
		<key>CFDCE6721B29770700C7266D</key>
		<dict>
			<key>fileRef</key>
			<string>CFDCE6711B29770700C7266D</string>
			<key>isa</key>
			<string>PBXBuildFile</string>
		</dict>
		<key>CFDCE6731B29774000C7266D</key>
		<dict>
			<key>fileEncoding</key>
			<string>4</string>
			<key>isa</key>
			<string>PBXFileReference</string>
			<key>lastKnownFileType</key>
			<string>sourcecode.c.h</string>
			<key>path</key>
			<string>SPayDemoMainViewController.h</string>
			<key>sourceTree</key>
			<string>&lt;group&gt;</string>
		</dict>
		<key>CFDCE6741B29774000C7266D</key>
		<dict>
			<key>fileEncoding</key>
			<string>4</string>
			<key>isa</key>
			<string>PBXFileReference</string>
			<key>lastKnownFileType</key>
			<string>sourcecode.cpp.objcpp</string>
			<key>path</key>
			<string>SPayDemoMainViewController.mm</string>
			<key>sourceTree</key>
			<string>&lt;group&gt;</string>
		</dict>
		<key>CFDCE6751B29774000C7266D</key>
		<dict>
			<key>fileRef</key>
			<string>CFDCE6741B29774000C7266D</string>
			<key>isa</key>
			<string>PBXBuildFile</string>
		</dict>
		<key>CFDF1C111B6F5D7E0007D124</key>
		<dict>
			<key>children</key>
			<array>
				<string>CFDF1C121B6F5D7E0007D124</string>
				<string>CFDF1C211B6F5D7E0007D124</string>
				<string>CFDF1C221B6F5D7E0007D124</string>
			</array>
			<key>isa</key>
			<string>PBXGroup</string>
			<key>path</key>
			<string>SPaySDK</string>
			<key>sourceTree</key>
			<string>&lt;group&gt;</string>
		</dict>
		<key>CFDF1C121B6F5D7E0007D124</key>
		<dict>
			<key>children</key>
			<array>
				<string>CF8A37531C48D36C006AB194</string>
				<string>CF644EC01C846764003EBFE9</string>
				<string>CF644EBE1C8465E8003EBFE9</string>
				<string>CF8A37541C48D36C006AB194</string>
				<string>CFDF1C131B6F5D7E0007D124</string>
				<string>CFDF1C141B6F5D7E0007D124</string>
				<string>CFDF1C151B6F5D7E0007D124</string>
				<string>CFDF1C161B6F5D7E0007D124</string>
				<string>CFDF1C171B6F5D7E0007D124</string>
				<string>CFDF1C181B6F5D7E0007D124</string>
				<string>CFDF1C191B6F5D7E0007D124</string>
				<string>CFDF1C1A1B6F5D7E0007D124</string>
				<string>CFDF1C1B1B6F5D7E0007D124</string>
				<string>CFDF1C1C1B6F5D7E0007D124</string>
				<string>CFDF1C1D1B6F5D7E0007D124</string>
				<string>CFDF1C1E1B6F5D7E0007D124</string>
				<string>CFDF1C1F1B6F5D7E0007D124</string>
				<string>CFDF1C201B6F5D7E0007D124</string>
			</array>
			<key>isa</key>
			<string>PBXGroup</string>
			<key>path</key>
			<string>include</string>
			<key>sourceTree</key>
			<string>&lt;group&gt;</string>
		</dict>
		<key>CFDF1C131B6F5D7E0007D124</key>
		<dict>
			<key>fileEncoding</key>
			<string>4</string>
			<key>isa</key>
			<string>PBXFileReference</string>
			<key>lastKnownFileType</key>
			<string>sourcecode.c.h</string>
			<key>path</key>
			<string>NSDictionary+SPayUtilsExtras.h</string>
			<key>sourceTree</key>
			<string>&lt;group&gt;</string>
		</dict>
		<key>CFDF1C141B6F5D7E0007D124</key>
		<dict>
			<key>fileEncoding</key>
			<string>4</string>
			<key>isa</key>
			<string>PBXFileReference</string>
			<key>lastKnownFileType</key>
			<string>sourcecode.c.h</string>
			<key>path</key>
			<string>NSString+SPayUtilsExtras.h</string>
			<key>sourceTree</key>
			<string>&lt;group&gt;</string>
		</dict>
		<key>CFDF1C151B6F5D7E0007D124</key>
		<dict>
			<key>fileEncoding</key>
			<string>4</string>
			<key>isa</key>
			<string>PBXFileReference</string>
			<key>lastKnownFileType</key>
			<string>sourcecode.c.h</string>
			<key>path</key>
			<string>SPayClient.h</string>
			<key>sourceTree</key>
			<string>&lt;group&gt;</string>
		</dict>
		<key>CFDF1C161B6F5D7E0007D124</key>
		<dict>
			<key>fileEncoding</key>
			<string>4</string>
			<key>isa</key>
			<string>PBXFileReference</string>
			<key>lastKnownFileType</key>
			<string>sourcecode.c.h</string>
			<key>path</key>
			<string>SPayClientAlipayConfigModel.h</string>
			<key>sourceTree</key>
			<string>&lt;group&gt;</string>
		</dict>
		<key>CFDF1C171B6F5D7E0007D124</key>
		<dict>
			<key>fileEncoding</key>
			<string>4</string>
			<key>isa</key>
			<string>PBXFileReference</string>
			<key>lastKnownFileType</key>
			<string>sourcecode.c.h</string>
			<key>path</key>
			<string>SPayClientConstEnum.h</string>
			<key>sourceTree</key>
			<string>&lt;group&gt;</string>
		</dict>
		<key>CFDF1C181B6F5D7E0007D124</key>
		<dict>
			<key>fileEncoding</key>
			<string>4</string>
			<key>isa</key>
			<string>PBXFileReference</string>
			<key>lastKnownFileType</key>
			<string>sourcecode.c.h</string>
			<key>path</key>
			<string>SPayClientHeaders.h</string>
			<key>sourceTree</key>
			<string>&lt;group&gt;</string>
		</dict>
		<key>CFDF1C191B6F5D7E0007D124</key>
		<dict>
			<key>fileEncoding</key>
			<string>4</string>
			<key>isa</key>
			<string>PBXFileReference</string>
			<key>lastKnownFileType</key>
			<string>sourcecode.c.h</string>
			<key>path</key>
			<string>SPayClientPayDetailModel.h</string>
			<key>sourceTree</key>
			<string>&lt;group&gt;</string>
		</dict>
		<key>CFDF1C1A1B6F5D7E0007D124</key>
		<dict>
			<key>fileEncoding</key>
			<string>4</string>
			<key>isa</key>
			<string>PBXFileReference</string>
			<key>lastKnownFileType</key>
			<string>sourcecode.c.h</string>
			<key>path</key>
			<string>SPayClientPayHelpModel.h</string>
			<key>sourceTree</key>
			<string>&lt;group&gt;</string>
		</dict>
		<key>CFDF1C1B1B6F5D7E0007D124</key>
		<dict>
			<key>fileEncoding</key>
			<string>4</string>
			<key>isa</key>
			<string>PBXFileReference</string>
			<key>lastKnownFileType</key>
			<string>sourcecode.c.h</string>
			<key>path</key>
			<string>SPayClientPayStateModel.h</string>
			<key>sourceTree</key>
			<string>&lt;group&gt;</string>
		</dict>
		<key>CFDF1C1C1B6F5D7E0007D124</key>
		<dict>
			<key>fileEncoding</key>
			<string>4</string>
			<key>isa</key>
			<string>PBXFileReference</string>
			<key>lastKnownFileType</key>
			<string>sourcecode.c.h</string>
			<key>path</key>
			<string>SPayClientPaySuccessDetailModel.h</string>
			<key>sourceTree</key>
			<string>&lt;group&gt;</string>
		</dict>
		<key>CFDF1C1D1B6F5D7E0007D124</key>
		<dict>
			<key>fileEncoding</key>
			<string>4</string>
			<key>isa</key>
			<string>PBXFileReference</string>
			<key>lastKnownFileType</key>
			<string>sourcecode.c.h</string>
			<key>path</key>
			<string>SPayClientPaySuccessModel.h</string>
			<key>sourceTree</key>
			<string>&lt;group&gt;</string>
		</dict>
		<key>CFDF1C1E1B6F5D7E0007D124</key>
		<dict>
			<key>fileEncoding</key>
			<string>4</string>
			<key>isa</key>
			<string>PBXFileReference</string>
			<key>lastKnownFileType</key>
			<string>sourcecode.c.h</string>
			<key>path</key>
			<string>SPayClientWechatConfigModel.h</string>
			<key>sourceTree</key>
			<string>&lt;group&gt;</string>
		</dict>
		<key>CFDF1C1F1B6F5D7E0007D124</key>
		<dict>
			<key>fileEncoding</key>
			<string>4</string>
			<key>isa</key>
			<string>PBXFileReference</string>
			<key>lastKnownFileType</key>
			<string>sourcecode.c.h</string>
			<key>path</key>
			<string>SPayClientXMLWriter.h</string>
			<key>sourceTree</key>
			<string>&lt;group&gt;</string>
		</dict>
		<key>CFDF1C201B6F5D7E0007D124</key>
		<dict>
			<key>fileEncoding</key>
			<string>4</string>
			<key>isa</key>
			<string>PBXFileReference</string>
			<key>lastKnownFileType</key>
			<string>sourcecode.c.h</string>
			<key>path</key>
			<string>SPBaseModel.h</string>
			<key>sourceTree</key>
			<string>&lt;group&gt;</string>
		</dict>
		<key>CFDF1C211B6F5D7E0007D124</key>
		<dict>
			<key>isa</key>
			<string>PBXFileReference</string>
			<key>lastKnownFileType</key>
			<string>archive.ar</string>
			<key>path</key>
			<string>libSPaySDK.a</string>
			<key>sourceTree</key>
			<string>&lt;group&gt;</string>
		</dict>
		<key>CFDF1C221B6F5D7E0007D124</key>
		<dict>
			<key>isa</key>
			<string>PBXFileReference</string>
			<key>lastKnownFileType</key>
			<string>wrapper.plug-in</string>
			<key>path</key>
			<string>SPaySDKResource.bundle</string>
			<key>sourceTree</key>
			<string>&lt;group&gt;</string>
		</dict>
		<key>CFDF1C231B6F5D7E0007D124</key>
		<dict>
			<key>fileRef</key>
			<string>CFDF1C211B6F5D7E0007D124</string>
			<key>isa</key>
			<string>PBXBuildFile</string>
		</dict>
		<key>CFDF1C241B6F5D7E0007D124</key>
		<dict>
			<key>fileRef</key>
			<string>CFDF1C221B6F5D7E0007D124</string>
			<key>isa</key>
			<string>PBXBuildFile</string>
		</dict>
		<key>CFF809141C44D978009CEA39</key>
		<dict>
			<key>isa</key>
			<string>PBXFileReference</string>
			<key>lastKnownFileType</key>
			<string>wrapper.framework</string>
			<key>name</key>
			<string>CoreMotion.framework</string>
			<key>path</key>
			<string>System/Library/Frameworks/CoreMotion.framework</string>
			<key>sourceTree</key>
			<string>SDKROOT</string>
		</dict>
		<key>CFF809151C44D978009CEA39</key>
		<dict>
			<key>fileRef</key>
			<string>CFF809141C44D978009CEA39</string>
			<key>isa</key>
			<string>PBXBuildFile</string>
		</dict>
		<key>CFF809161C44D982009CEA39</key>
		<dict>
			<key>isa</key>
			<string>PBXFileReference</string>
			<key>lastKnownFileType</key>
			<string>sourcecode.text-based-dylib-definition</string>
			<key>name</key>
			<string>libstdc++.6.tbd</string>
			<key>path</key>
			<string>usr/lib/libstdc++.6.tbd</string>
			<key>sourceTree</key>
			<string>SDKROOT</string>
		</dict>
		<key>CFF809171C44D982009CEA39</key>
		<dict>
			<key>fileRef</key>
			<string>CFF809161C44D982009CEA39</string>
			<key>isa</key>
			<string>PBXBuildFile</string>
		</dict>
		<key>D2B8BBACE6CBCFCBDBC3A84A</key>
		<dict>
			<key>buildActionMask</key>
			<string>2147483647</string>
			<key>files</key>
			<array/>
			<key>inputPaths</key>
			<array/>
			<key>isa</key>
			<string>PBXShellScriptBuildPhase</string>
			<key>name</key>
			<string>Copy Pods Resources</string>
			<key>outputPaths</key>
			<array/>
			<key>runOnlyForDeploymentPostprocessing</key>
			<string>0</string>
			<key>shellPath</key>
			<string>/bin/sh</string>
			<key>shellScript</key>
			<string>"${SRCROOT}/Pods/Target Support Files/Pods/Pods-resources.sh"
</string>
			<key>showEnvVarsInLog</key>
			<string>0</string>
		</dict>
		<key>F4F6EBA82E4DDF01C85EFC87</key>
		<dict>
			<key>buildActionMask</key>
			<string>2147483647</string>
			<key>files</key>
			<array/>
			<key>inputPaths</key>
			<array/>
			<key>isa</key>
			<string>PBXShellScriptBuildPhase</string>
			<key>name</key>
			<string>Check Pods Manifest.lock</string>
			<key>outputPaths</key>
			<array/>
			<key>runOnlyForDeploymentPostprocessing</key>
			<string>0</string>
			<key>shellPath</key>
			<string>/bin/sh</string>
			<key>shellScript</key>
			<string>diff "${PODS_ROOT}/../Podfile.lock" "${PODS_ROOT}/Manifest.lock" &gt; /dev/null
if [[ $? != 0 ]] ; then
    cat &lt;&lt; EOM
error: The sandbox is not in sync with the Podfile.lock. Run 'pod install' or update your CocoaPods installation.
EOM
    exit 1
fi
</string>
			<key>showEnvVarsInLog</key>
			<string>0</string>
		</dict>
	</dict>
	<key>rootObject</key>
	<string>CF7114AF1B282AA300B997E0</string>
</dict>
</plist>
