
Microsoft Visual Studio Solution File, Format Version 12.00
# Visual Studio 2012
Project("{FAE04EC0-301F-11D3-BF4B-00C04F79EFBC}") = "WFTpayInterface", "WFTpayInterface\WFTpayInterface.csproj", "{8403DBD9-2F19-4269-9EE6-EAE1E72E1FB8}"
EndProject
Project("{FAE04EC0-301F-11D3-BF4B-00C04F79EFBC}") = "swiftpass.utils", "swiftpass.utils\swiftpass.utils.csproj", "{44A03C15-B331-454D-A65E-EC292F483F6A}"
EndProject
Global
	GlobalSection(SolutionConfigurationPlatforms) = preSolution
		Debug|Any CPU = Debug|Any CPU
		Release|Any CPU = Release|Any CPU
	EndGlobalSection
	GlobalSection(ProjectConfigurationPlatforms) = postSolution
		{8403DBD9-2F19-4269-9EE6-EAE1E72E1FB8}.Debug|Any CPU.ActiveCfg = Debug|Any CPU
		{8403DBD9-2F19-4269-9EE6-EAE1E72E1FB8}.Debug|Any CPU.Build.0 = Debug|Any CPU
		{8403DBD9-2F19-4269-9EE6-EAE1E72E1FB8}.Release|Any CPU.ActiveCfg = Release|Any CPU
		{8403DBD9-2F19-4269-9EE6-EAE1E72E1FB8}.Release|Any CPU.Build.0 = Release|Any CPU
		{44A03C15-B331-454D-A65E-EC292F483F6A}.Debug|Any CPU.ActiveCfg = Debug|Any CPU
		{44A03C15-B331-454D-A65E-EC292F483F6A}.Debug|Any CPU.Build.0 = Debug|Any CPU
		{44A03C15-B331-454D-A65E-EC292F483F6A}.Release|Any CPU.ActiveCfg = Release|Any CPU
		{44A03C15-B331-454D-A65E-EC292F483F6A}.Release|Any CPU.Build.0 = Release|Any CPU
	EndGlobalSection
	GlobalSection(SolutionProperties) = preSolution
		HideSolutionNode = FALSE
	EndGlobalSection
EndGlobal
